// !$*UTF8*$!
{
	archiveVersion = 1;
	classes = {
	};
	objectVersion = 46;
	objects = {

/* Begin PBXBuildFile section */
		519083D21F39065E00C9AB9B /* CategoryService.swift in Sources */ = {isa = PBXBuildFile; fileRef = 519083CE1F39065E00C9AB9B /* CategoryService.swift */; };
		519083D31F39065E00C9AB9B /* KindService.swift in Sources */ = {isa = PBXBuildFile; fileRef = 519083CF1F39065E00C9AB9B /* KindService.swift */; };
		519083D41F39065E00C9AB9B /* PokemonService.swift in Sources */ = {isa = PBXBuildFile; fileRef = 519083D01F39065E00C9AB9B /* PokemonService.swift */; };
		519083D51F39065E00C9AB9B /* PurchaseService.swift in Sources */ = {isa = PBXBuildFile; fileRef = 519083D11F39065E00C9AB9B /* PurchaseService.swift */; };
		C2141A271F38338000296B52 /* Do.swift in Sources */ = {isa = PBXBuildFile; fileRef = C2141A251F38338000296B52 /* Do.swift */; };
		C2141A281F38338000296B52 /* Request.swift in Sources */ = {isa = PBXBuildFile; fileRef = C2141A261F38338000296B52 /* Request.swift */; };
		C248F8541F2E7D9C004095CA /* AppDelegate.swift in Sources */ = {isa = PBXBuildFile; fileRef = C248F8531F2E7D9C004095CA /* AppDelegate.swift */; };
		C248F85B1F2E7D9C004095CA /* Assets.xcassets in Resources */ = {isa = PBXBuildFile; fileRef = C248F85A1F2E7D9C004095CA /* Assets.xcassets */; };
		C248F8711F2ED390004095CA /* LaunchScreen.storyboard in Resources */ = {isa = PBXBuildFile; fileRef = C248F8701F2ED390004095CA /* LaunchScreen.storyboard */; };
		C2625FDE1F38208E0080744C /* TabBar.storyboard in Resources */ = {isa = PBXBuildFile; fileRef = C2625FDC1F38208E0080744C /* TabBar.storyboard */; };
		C2625FDF1F38208E0080744C /* TabBar.swift in Sources */ = {isa = PBXBuildFile; fileRef = C2625FDD1F38208E0080744C /* TabBar.swift */; };
		C2625FE11F3820970080744C /* TabBarRouter.swift in Sources */ = {isa = PBXBuildFile; fileRef = C2625FE01F3820970080744C /* TabBarRouter.swift */; };
		C2625FE41F3820B40080744C /* List.storyboard in Resources */ = {isa = PBXBuildFile; fileRef = C2625FE21F3820B40080744C /* List.storyboard */; };
		C2625FE51F3820B40080744C /* ListTableViewController.swift in Sources */ = {isa = PBXBuildFile; fileRef = C2625FE31F3820B40080744C /* ListTableViewController.swift */; };
		C2625FE71F3820CC0080744C /* PokemonCell.swift in Sources */ = {isa = PBXBuildFile; fileRef = C2625FE61F3820CC0080744C /* PokemonCell.swift */; };
		C2625FE91F3820D30080744C /* PokemonCollectionViewCell.swift in Sources */ = {isa = PBXBuildFile; fileRef = C2625FE81F3820D30080744C /* PokemonCollectionViewCell.swift */; };
		C2625FED1F3820EA0080744C /* Category.swift in Sources */ = {isa = PBXBuildFile; fileRef = C2625FEA1F3820EA0080744C /* Category.swift */; };
		C2625FEE1F3820EA0080744C /* Kind.swift in Sources */ = {isa = PBXBuildFile; fileRef = C2625FEB1F3820EA0080744C /* Kind.swift */; };
		C2625FEF1F3820EA0080744C /* Pokemon.swift in Sources */ = {isa = PBXBuildFile; fileRef = C2625FEC1F3820EA0080744C /* Pokemon.swift */; };
		C2625FF11F38210E0080744C /* PurchaseCell.swift in Sources */ = {isa = PBXBuildFile; fileRef = C2625FF01F38210E0080744C /* PurchaseCell.swift */; };
		C2625FF41F38211E0080744C /* Profile.storyboard in Resources */ = {isa = PBXBuildFile; fileRef = C2625FF21F38211E0080744C /* Profile.storyboard */; };
		C2625FF51F38211E0080744C /* ProfileTableViewController.swift in Sources */ = {isa = PBXBuildFile; fileRef = C2625FF31F38211E0080744C /* ProfileTableViewController.swift */; };
		C2625FF71F3821340080744C /* Purchase.swift in Sources */ = {isa = PBXBuildFile; fileRef = C2625FF61F3821340080744C /* Purchase.swift */; };
		C2625FFA1F3821520080744C /* NSObjectExtension.swift in Sources */ = {isa = PBXBuildFile; fileRef = C2625FF81F3821520080744C /* NSObjectExtension.swift */; };
		C2625FFB1F3821520080744C /* UIColorExtension.swift in Sources */ = {isa = PBXBuildFile; fileRef = C2625FF91F3821520080744C /* UIColorExtension.swift */; };
		C2625FFF1F38215A0080744C /* Formatter.swift in Sources */ = {isa = PBXBuildFile; fileRef = C2625FFC1F38215A0080744C /* Formatter.swift */; };
		C26260001F38215A0080744C /* General.swift in Sources */ = {isa = PBXBuildFile; fileRef = C2625FFD1F38215A0080744C /* General.swift */; };
		C26260011F38215A0080744C /* Loader.swift in Sources */ = {isa = PBXBuildFile; fileRef = C2625FFE1F38215A0080744C /* Loader.swift */; };
/* End PBXBuildFile section */

/* Begin PBXFileReference section */
		519083CE1F39065E00C9AB9B /* CategoryService.swift */ = {isa = PBXFileReference; fileEncoding = 4; lastKnownFileType = sourcecode.swift; name = CategoryService.swift; path = Services/CategoryService.swift; sourceTree = SOURCE_ROOT; };
		519083CF1F39065E00C9AB9B /* KindService.swift */ = {isa = PBXFileReference; fileEncoding = 4; lastKnownFileType = sourcecode.swift; name = KindService.swift; path = Services/KindService.swift; sourceTree = SOURCE_ROOT; };
		519083D01F39065E00C9AB9B /* PokemonService.swift */ = {isa = PBXFileReference; fileEncoding = 4; lastKnownFileType = sourcecode.swift; name = PokemonService.swift; path = Services/PokemonService.swift; sourceTree = SOURCE_ROOT; };
		519083D11F39065E00C9AB9B /* PurchaseService.swift */ = {isa = PBXFileReference; fileEncoding = 4; lastKnownFileType = sourcecode.swift; name = PurchaseService.swift; path = Services/PurchaseService.swift; sourceTree = SOURCE_ROOT; };
		C2141A251F38338000296B52 /* Do.swift */ = {isa = PBXFileReference; fileEncoding = 4; lastKnownFileType = sourcecode.swift; name = Do.swift; path = Helpers/Do.swift; sourceTree = SOURCE_ROOT; };
		C2141A261F38338000296B52 /* Request.swift */ = {isa = PBXFileReference; fileEncoding = 4; lastKnownFileType = sourcecode.swift; name = Request.swift; path = Helpers/Request.swift; sourceTree = SOURCE_ROOT; };
		C248F8501F2E7D9C004095CA /* Ecommerce-MVP.app */ = {isa = PBXFileReference; explicitFileType = wrapper.application; includeInIndex = 0; path = "Ecommerce-MVP.app"; sourceTree = BUILT_PRODUCTS_DIR; };
		C248F8531F2E7D9C004095CA /* AppDelegate.swift */ = {isa = PBXFileReference; lastKnownFileType = sourcecode.swift; path = AppDelegate.swift; sourceTree = "<group>"; };
		C248F85A1F2E7D9C004095CA /* Assets.xcassets */ = {isa = PBXFileReference; lastKnownFileType = folder.assetcatalog; path = Assets.xcassets; sourceTree = "<group>"; };
		C248F85F1F2E7D9C004095CA /* Info.plist */ = {isa = PBXFileReference; lastKnownFileType = text.plist.xml; path = Info.plist; sourceTree = "<group>"; };
		C248F8701F2ED390004095CA /* LaunchScreen.storyboard */ = {isa = PBXFileReference; fileEncoding = 4; lastKnownFileType = file.storyboard; path = LaunchScreen.storyboard; sourceTree = "<group>"; };
		C2625FDB1F381FFB0080744C /* Pokemon Solid.ttf */ = {isa = PBXFileReference; lastKnownFileType = file; name = "Pokemon Solid.ttf"; path = "Resources/Fonts/Pokemon Solid.ttf"; sourceTree = SOURCE_ROOT; };
		C2625FDC1F38208E0080744C /* TabBar.storyboard */ = {isa = PBXFileReference; fileEncoding = 4; lastKnownFileType = file.storyboard; name = TabBar.storyboard; path = Features/TabBar/View/TabBar.storyboard; sourceTree = SOURCE_ROOT; };
		C2625FDD1F38208E0080744C /* TabBar.swift */ = {isa = PBXFileReference; fileEncoding = 4; lastKnownFileType = sourcecode.swift; name = TabBar.swift; path = Features/TabBar/View/TabBar.swift; sourceTree = SOURCE_ROOT; };
		C2625FE01F3820970080744C /* TabBarRouter.swift */ = {isa = PBXFileReference; fileEncoding = 4; lastKnownFileType = sourcecode.swift; name = TabBarRouter.swift; path = Features/TabBar/Router/TabBarRouter.swift; sourceTree = SOURCE_ROOT; };
		C2625FE21F3820B40080744C /* List.storyboard */ = {isa = PBXFileReference; fileEncoding = 4; lastKnownFileType = file.storyboard; name = List.storyboard; path = Features/List/View/List.storyboard; sourceTree = SOURCE_ROOT; };
		C2625FE31F3820B40080744C /* ListTableViewController.swift */ = {isa = PBXFileReference; fileEncoding = 4; lastKnownFileType = sourcecode.swift; name = ListTableViewController.swift; path = Features/List/View/ListTableViewController.swift; sourceTree = SOURCE_ROOT; };
		C2625FE61F3820CC0080744C /* PokemonCell.swift */ = {isa = PBXFileReference; fileEncoding = 4; lastKnownFileType = sourcecode.swift; name = PokemonCell.swift; path = Features/List/View/PokemonCell.swift; sourceTree = SOURCE_ROOT; };
		C2625FE81F3820D30080744C /* PokemonCollectionViewCell.swift */ = {isa = PBXFileReference; fileEncoding = 4; lastKnownFileType = sourcecode.swift; name = PokemonCollectionViewCell.swift; path = Features/List/View/PokemonCollectionViewCell.swift; sourceTree = SOURCE_ROOT; };
		C2625FEA1F3820EA0080744C /* Category.swift */ = {isa = PBXFileReference; fileEncoding = 4; lastKnownFileType = sourcecode.swift; name = Category.swift; path = Features/List/Model/Category.swift; sourceTree = SOURCE_ROOT; };
		C2625FEB1F3820EA0080744C /* Kind.swift */ = {isa = PBXFileReference; fileEncoding = 4; lastKnownFileType = sourcecode.swift; name = Kind.swift; path = Features/List/Model/Kind.swift; sourceTree = SOURCE_ROOT; };
		C2625FEC1F3820EA0080744C /* Pokemon.swift */ = {isa = PBXFileReference; fileEncoding = 4; lastKnownFileType = sourcecode.swift; name = Pokemon.swift; path = Features/List/Model/Pokemon.swift; sourceTree = SOURCE_ROOT; };
		C2625FF01F38210E0080744C /* PurchaseCell.swift */ = {isa = PBXFileReference; fileEncoding = 4; lastKnownFileType = sourcecode.swift; name = PurchaseCell.swift; path = Features/Profile/View/PurchaseCell.swift; sourceTree = SOURCE_ROOT; };
		C2625FF21F38211E0080744C /* Profile.storyboard */ = {isa = PBXFileReference; fileEncoding = 4; lastKnownFileType = file.storyboard; name = Profile.storyboard; path = Features/Profile/View/Profile.storyboard; sourceTree = SOURCE_ROOT; };
		C2625FF31F38211E0080744C /* ProfileTableViewController.swift */ = {isa = PBXFileReference; fileEncoding = 4; lastKnownFileType = sourcecode.swift; name = ProfileTableViewController.swift; path = Features/Profile/View/ProfileTableViewController.swift; sourceTree = SOURCE_ROOT; };
		C2625FF61F3821340080744C /* Purchase.swift */ = {isa = PBXFileReference; fileEncoding = 4; lastKnownFileType = sourcecode.swift; name = Purchase.swift; path = Features/Profile/Model/Purchase.swift; sourceTree = SOURCE_ROOT; };
		C2625FF81F3821520080744C /* NSObjectExtension.swift */ = {isa = PBXFileReference; fileEncoding = 4; lastKnownFileType = sourcecode.swift; name = NSObjectExtension.swift; path = Helpers/NSObjectExtension.swift; sourceTree = SOURCE_ROOT; };
		C2625FF91F3821520080744C /* UIColorExtension.swift */ = {isa = PBXFileReference; fileEncoding = 4; lastKnownFileType = sourcecode.swift; name = UIColorExtension.swift; path = Helpers/UIColorExtension.swift; sourceTree = SOURCE_ROOT; };
		C2625FFC1F38215A0080744C /* Formatter.swift */ = {isa = PBXFileReference; fileEncoding = 4; lastKnownFileType = sourcecode.swift; name = Formatter.swift; path = Helpers/Formatter.swift; sourceTree = SOURCE_ROOT; };
		C2625FFD1F38215A0080744C /* General.swift */ = {isa = PBXFileReference; fileEncoding = 4; lastKnownFileType = sourcecode.swift; name = General.swift; path = Helpers/General.swift; sourceTree = SOURCE_ROOT; };
		C2625FFE1F38215A0080744C /* Loader.swift */ = {isa = PBXFileReference; fileEncoding = 4; lastKnownFileType = sourcecode.swift; name = Loader.swift; path = Helpers/Loader.swift; sourceTree = SOURCE_ROOT; };
/* End PBXFileReference section */

/* Begin PBXFrameworksBuildPhase section */
		C248F84D1F2E7D9C004095CA /* Frameworks */ = {
			isa = PBXFrameworksBuildPhase;
			buildActionMask = 2147483647;
			files = (
			);
			runOnlyForDeploymentPostprocessing = 0;
		};
/* End PBXFrameworksBuildPhase section */

/* Begin PBXGroup section */
		C248F8471F2E7D9C004095CA = {
			isa = PBXGroup;
			children = (
				C248F8521F2E7D9C004095CA /* Ecommerce-MVP */,
				C248F8511F2E7D9C004095CA /* Products */,
			);
			sourceTree = "<group>";
		};
		C248F8511F2E7D9C004095CA /* Products */ = {
			isa = PBXGroup;
			children = (
				C248F8501F2E7D9C004095CA /* Ecommerce-MVP.app */,
			);
			name = Products;
			sourceTree = "<group>";
		};
		C248F8521F2E7D9C004095CA /* Ecommerce-MVP */ = {
			isa = PBXGroup;
			children = (
				C248F8A01F3028AF004095CA /* Helpers */,
				C2625FD91F381F770080744C /* Services */,
				C248F8741F2ED459004095CA /* Features */,
				C248F8651F2E7DA9004095CA /* Resources */,
				C248F8671F2E7F56004095CA /* Supporting Files */,
			);
			path = "Ecommerce-MVP";
			sourceTree = "<group>";
		};
		C248F8651F2E7DA9004095CA /* Resources */ = {
			isa = PBXGroup;
			children = (
				C248F8C71F318089004095CA /* Fonts */,
				C248F85A1F2E7D9C004095CA /* Assets.xcassets */,
			);
			name = Resources;
			sourceTree = "<group>";
		};
		C248F8671F2E7F56004095CA /* Supporting Files */ = {
			isa = PBXGroup;
			children = (
				C248F8701F2ED390004095CA /* LaunchScreen.storyboard */,
				C248F8531F2E7D9C004095CA /* AppDelegate.swift */,
				C248F85F1F2E7D9C004095CA /* Info.plist */,
			);
			name = "Supporting Files";
			sourceTree = "<group>";
		};
		C248F8741F2ED459004095CA /* Features */ = {
			isa = PBXGroup;
			children = (
				C248F88B1F301DBF004095CA /* Tabbar */,
				C248F8751F2ED460004095CA /* List */,
				C248F87A1F2ED48A004095CA /* Profile */,
				C248F87B1F2ED48F004095CA /* Store */,
			);
			name = Features;
			sourceTree = "<group>";
		};
		C248F8751F2ED460004095CA /* List */ = {
			isa = PBXGroup;
			children = (
				C248F8781F2ED46E004095CA /* Router */,
				C248F8761F2ED465004095CA /* Model */,
				C248F8771F2ED469004095CA /* Presenter */,
				C248F8791F2ED472004095CA /* View */,
			);
			name = List;
			sourceTree = "<group>";
		};
		C248F8761F2ED465004095CA /* Model */ = {
			isa = PBXGroup;
			children = (
				C2625FEA1F3820EA0080744C /* Category.swift */,
				C2625FEB1F3820EA0080744C /* Kind.swift */,
				C2625FEC1F3820EA0080744C /* Pokemon.swift */,
			);
			name = Model;
			sourceTree = "<group>";
		};
		C248F8771F2ED469004095CA /* Presenter */ = {
			isa = PBXGroup;
			children = (
			);
			name = Presenter;
			sourceTree = "<group>";
		};
		C248F8781F2ED46E004095CA /* Router */ = {
			isa = PBXGroup;
			children = (
			);
			name = Router;
			sourceTree = "<group>";
		};
		C248F8791F2ED472004095CA /* View */ = {
			isa = PBXGroup;
			children = (
				C248F8801F2ED73D004095CA /* Cell */,
				C2625FE21F3820B40080744C /* List.storyboard */,
				C2625FE31F3820B40080744C /* ListTableViewController.swift */,
			);
			name = View;
			sourceTree = "<group>";
		};
		C248F87A1F2ED48A004095CA /* Profile */ = {
			isa = PBXGroup;
			children = (
				C248F8831F30129A004095CA /* Router */,
				C248F8841F3012A0004095CA /* Model */,
				C248F8851F3012A4004095CA /* Presenter */,
				C248F8861F3012A9004095CA /* View */,
			);
			name = Profile;
			sourceTree = "<group>";
		};
		C248F87B1F2ED48F004095CA /* Store */ = {
			isa = PBXGroup;
			children = (
			);
			name = Store;
			sourceTree = "<group>";
		};
		C248F8801F2ED73D004095CA /* Cell */ = {
			isa = PBXGroup;
			children = (
				C248F8981F301F99004095CA /* Collection */,
			);
			name = Cell;
			sourceTree = "<group>";
		};
		C248F8831F30129A004095CA /* Router */ = {
			isa = PBXGroup;
			children = (
			);
			name = Router;
			sourceTree = "<group>";
		};
		C248F8841F3012A0004095CA /* Model */ = {
			isa = PBXGroup;
			children = (
				C2625FF61F3821340080744C /* Purchase.swift */,
			);
			name = Model;
			sourceTree = "<group>";
		};
		C248F8851F3012A4004095CA /* Presenter */ = {
			isa = PBXGroup;
			children = (
			);
			name = Presenter;
			sourceTree = "<group>";
		};
		C248F8861F3012A9004095CA /* View */ = {
			isa = PBXGroup;
			children = (
				C248F88F1F301E04004095CA /* Cell */,
				C2625FF21F38211E0080744C /* Profile.storyboard */,
				C2625FF31F38211E0080744C /* ProfileTableViewController.swift */,
			);
			name = View;
			sourceTree = "<group>";
		};
		C248F88B1F301DBF004095CA /* Tabbar */ = {
			isa = PBXGroup;
			children = (
				C248F8A91F302F73004095CA /* Router */,
				C248F8A81F302F6B004095CA /* View */,
			);
			name = Tabbar;
			sourceTree = "<group>";
		};
		C248F88F1F301E04004095CA /* Cell */ = {
			isa = PBXGroup;
			children = (
				C2625FF01F38210E0080744C /* PurchaseCell.swift */,
			);
			name = Cell;
			sourceTree = "<group>";
		};
		C248F8981F301F99004095CA /* Collection */ = {
			isa = PBXGroup;
			children = (
				C248F8991F301FA4004095CA /* Cell */,
				C2625FE61F3820CC0080744C /* PokemonCell.swift */,
			);
			name = Collection;
			sourceTree = "<group>";
		};
		C248F8991F301FA4004095CA /* Cell */ = {
			isa = PBXGroup;
			children = (
				C2625FE81F3820D30080744C /* PokemonCollectionViewCell.swift */,
			);
			name = Cell;
			sourceTree = "<group>";
		};
		C248F8A01F3028AF004095CA /* Helpers */ = {
			isa = PBXGroup;
			children = (
				C2141A261F38338000296B52 /* Request.swift */,
				C2625FFD1F38215A0080744C /* General.swift */,
				C2625FFC1F38215A0080744C /* Formatter.swift */,
				C2625FFE1F38215A0080744C /* Loader.swift */,
				C2141A251F38338000296B52 /* Do.swift */,
				C248F8A71F302C30004095CA /* Extensions */,
			);
			name = Helpers;
			sourceTree = "<group>";
		};
		C248F8A71F302C30004095CA /* Extensions */ = {
			isa = PBXGroup;
			children = (
				C2625FF81F3821520080744C /* NSObjectExtension.swift */,
				C2625FF91F3821520080744C /* UIColorExtension.swift */,
			);
			name = Extensions;
			sourceTree = "<group>";
		};
		C248F8A81F302F6B004095CA /* View */ = {
			isa = PBXGroup;
			children = (
				C2625FDC1F38208E0080744C /* TabBar.storyboard */,
				C2625FDD1F38208E0080744C /* TabBar.swift */,
			);
			name = View;
			sourceTree = "<group>";
		};
		C248F8A91F302F73004095CA /* Router */ = {
			isa = PBXGroup;
			children = (
				C2625FE01F3820970080744C /* TabBarRouter.swift */,
			);
			name = Router;
			sourceTree = "<group>";
		};
		C248F8C71F318089004095CA /* Fonts */ = {
			isa = PBXGroup;
			children = (
				C2625FDB1F381FFB0080744C /* Pokemon Solid.ttf */,
			);
			name = Fonts;
			sourceTree = "<group>";
		};
		C2625FD91F381F770080744C /* Services */ = {
			isa = PBXGroup;
			children = (
				519083CE1F39065E00C9AB9B /* CategoryService.swift */,
				519083CF1F39065E00C9AB9B /* KindService.swift */,
				519083D01F39065E00C9AB9B /* PokemonService.swift */,
				519083D11F39065E00C9AB9B /* PurchaseService.swift */,
			);
			name = Services;
			sourceTree = "<group>";
		};
/* End PBXGroup section */

/* Begin PBXNativeTarget section */
		C248F84F1F2E7D9C004095CA /* Ecommerce-MVP */ = {
			isa = PBXNativeTarget;
			buildConfigurationList = C248F8621F2E7D9C004095CA /* Build configuration list for PBXNativeTarget "Ecommerce-MVP" */;
			buildPhases = (
				C248F84C1F2E7D9C004095CA /* Sources */,
				C248F84D1F2E7D9C004095CA /* Frameworks */,
				C248F84E1F2E7D9C004095CA /* Resources */,
			);
			buildRules = (
			);
			dependencies = (
			);
			name = "Ecommerce-MVP";
			productName = "Ecommerce-MVP";
			productReference = C248F8501F2E7D9C004095CA /* Ecommerce-MVP.app */;
			productType = "com.apple.product-type.application";
		};
/* End PBXNativeTarget section */

/* Begin PBXProject section */
		C248F8481F2E7D9C004095CA /* Project object */ = {
			isa = PBXProject;
			attributes = {
				LastSwiftUpdateCheck = 0820;
				LastUpgradeCheck = 0820;
				ORGANIZATIONNAME = "Lucas M Soares";
				TargetAttributes = {
					C248F84F1F2E7D9C004095CA = {
						CreatedOnToolsVersion = 8.2.1;
						DevelopmentTeam = 9739Q3W5EN;
						ProvisioningStyle = Automatic;
					};
				};
			};
			buildConfigurationList = C248F84B1F2E7D9C004095CA /* Build configuration list for PBXProject "Ecommerce-MVP" */;
			compatibilityVersion = "Xcode 3.2";
			developmentRegion = English;
			hasScannedForEncodings = 0;
			knownRegions = (
				en,
				Base,
			);
			mainGroup = C248F8471F2E7D9C004095CA;
			productRefGroup = C248F8511F2E7D9C004095CA /* Products */;
			projectDirPath = "";
			projectRoot = "";
			targets = (
				C248F84F1F2E7D9C004095CA /* Ecommerce-MVP */,
			);
		};
/* End PBXProject section */

/* Begin PBXResourcesBuildPhase section */
		C248F84E1F2E7D9C004095CA /* Resources */ = {
			isa = PBXResourcesBuildPhase;
			buildActionMask = 2147483647;
			files = (
				C2625FDE1F38208E0080744C /* TabBar.storyboard in Resources */,
				C248F8711F2ED390004095CA /* LaunchScreen.storyboard in Resources */,
				C2625FF41F38211E0080744C /* Profile.storyboard in Resources */,
				C2625FE41F3820B40080744C /* List.storyboard in Resources */,
				C248F85B1F2E7D9C004095CA /* Assets.xcassets in Resources */,
			);
			runOnlyForDeploymentPostprocessing = 0;
		};
/* End PBXResourcesBuildPhase section */

/* Begin PBXSourcesBuildPhase section */
		C248F84C1F2E7D9C004095CA /* Sources */ = {
			isa = PBXSourcesBuildPhase;
			buildActionMask = 2147483647;
			files = (
				C2625FE11F3820970080744C /* TabBarRouter.swift in Sources */,
				C2625FFA1F3821520080744C /* NSObjectExtension.swift in Sources */,
				519083D51F39065E00C9AB9B /* PurchaseService.swift in Sources */,
				C2141A271F38338000296B52 /* Do.swift in Sources */,
				C2625FE51F3820B40080744C /* ListTableViewController.swift in Sources */,
				C2625FF71F3821340080744C /* Purchase.swift in Sources */,
				C2625FEF1F3820EA0080744C /* Pokemon.swift in Sources */,
				C2625FFB1F3821520080744C /* UIColorExtension.swift in Sources */,
				C26260001F38215A0080744C /* General.swift in Sources */,
				C248F8541F2E7D9C004095CA /* AppDelegate.swift in Sources */,
				C26260011F38215A0080744C /* Loader.swift in Sources */,
				C2625FE71F3820CC0080744C /* PokemonCell.swift in Sources */,
				519083D41F39065E00C9AB9B /* PokemonService.swift in Sources */,
				C2625FF51F38211E0080744C /* ProfileTableViewController.swift in Sources */,
				519083D31F39065E00C9AB9B /* KindService.swift in Sources */,
				C2141A281F38338000296B52 /* Request.swift in Sources */,
				C2625FDF1F38208E0080744C /* TabBar.swift in Sources */,
				C2625FE91F3820D30080744C /* PokemonCollectionViewCell.swift in Sources */,
				C2625FEE1F3820EA0080744C /* Kind.swift in Sources */,
				C2625FFF1F38215A0080744C /* Formatter.swift in Sources */,
				C2625FED1F3820EA0080744C /* Category.swift in Sources */,
				C2625FF11F38210E0080744C /* PurchaseCell.swift in Sources */,
				519083D21F39065E00C9AB9B /* CategoryService.swift in Sources */,
			);
			runOnlyForDeploymentPostprocessing = 0;
		};
/* End PBXSourcesBuildPhase section */

/* Begin XCBuildConfiguration section */
		C248F8601F2E7D9C004095CA /* Debug */ = {
			isa = XCBuildConfiguration;
			buildSettings = {
				ALWAYS_SEARCH_USER_PATHS = NO;
				CLANG_ANALYZER_NONNULL = YES;
				CLANG_CXX_LANGUAGE_STANDARD = "gnu++0x";
				CLANG_CXX_LIBRARY = "libc++";
				CLANG_ENABLE_MODULES = YES;
				CLANG_ENABLE_OBJC_ARC = YES;
				CLANG_WARN_BOOL_CONVERSION = YES;
				CLANG_WARN_CONSTANT_CONVERSION = YES;
				CLANG_WARN_DIRECT_OBJC_ISA_USAGE = YES_ERROR;
				CLANG_WARN_DOCUMENTATION_COMMENTS = YES;
				CLANG_WARN_EMPTY_BODY = YES;
				CLANG_WARN_ENUM_CONVERSION = YES;
				CLANG_WARN_INFINITE_RECURSION = YES;
				CLANG_WARN_INT_CONVERSION = YES;
				CLANG_WARN_OBJC_ROOT_CLASS = YES_ERROR;
				CLANG_WARN_SUSPICIOUS_MOVE = YES;
				CLANG_WARN_UNREACHABLE_CODE = YES;
				CLANG_WARN__DUPLICATE_METHOD_MATCH = YES;
				"CODE_SIGN_IDENTITY[sdk=iphoneos*]" = "iPhone Developer";
				COPY_PHASE_STRIP = NO;
				DEBUG_INFORMATION_FORMAT = dwarf;
				ENABLE_STRICT_OBJC_MSGSEND = YES;
				ENABLE_TESTABILITY = YES;
				GCC_C_LANGUAGE_STANDARD = gnu99;
				GCC_DYNAMIC_NO_PIC = NO;
				GCC_NO_COMMON_BLOCKS = YES;
				GCC_OPTIMIZATION_LEVEL = 0;
				GCC_PREPROCESSOR_DEFINITIONS = (
					"DEBUG=1",
					"$(inherited)",
				);
				GCC_WARN_64_TO_32_BIT_CONVERSION = YES;
				GCC_WARN_ABOUT_RETURN_TYPE = YES_ERROR;
				GCC_WARN_UNDECLARED_SELECTOR = YES;
				GCC_WARN_UNINITIALIZED_AUTOS = YES_AGGRESSIVE;
				GCC_WARN_UNUSED_FUNCTION = YES;
				GCC_WARN_UNUSED_VARIABLE = YES;
				IPHONEOS_DEPLOYMENT_TARGET = 10.2;
				MTL_ENABLE_DEBUG_INFO = YES;
				ONLY_ACTIVE_ARCH = YES;
				SDKROOT = iphoneos;
				SWIFT_ACTIVE_COMPILATION_CONDITIONS = DEBUG;
				SWIFT_OPTIMIZATION_LEVEL = "-Onone";
			};
			name = Debug;
		};
		C248F8611F2E7D9C004095CA /* Release */ = {
			isa = XCBuildConfiguration;
			buildSettings = {
				ALWAYS_SEARCH_USER_PATHS = NO;
				CLANG_ANALYZER_NONNULL = YES;
				CLANG_CXX_LANGUAGE_STANDARD = "gnu++0x";
				CLANG_CXX_LIBRARY = "libc++";
				CLANG_ENABLE_MODULES = YES;
				CLANG_ENABLE_OBJC_ARC = YES;
				CLANG_WARN_BOOL_CONVERSION = YES;
				CLANG_WARN_CONSTANT_CONVERSION = YES;
				CLANG_WARN_DIRECT_OBJC_ISA_USAGE = YES_ERROR;
				CLANG_WARN_DOCUMENTATION_COMMENTS = YES;
				CLANG_WARN_EMPTY_BODY = YES;
				CLANG_WARN_ENUM_CONVERSION = YES;
				CLANG_WARN_INFINITE_RECURSION = YES;
				CLANG_WARN_INT_CONVERSION = YES;
				CLANG_WARN_OBJC_ROOT_CLASS = YES_ERROR;
				CLANG_WARN_SUSPICIOUS_MOVE = YES;
				CLANG_WARN_UNREACHABLE_CODE = YES;
				CLANG_WARN__DUPLICATE_METHOD_MATCH = YES;
				"CODE_SIGN_IDENTITY[sdk=iphoneos*]" = "iPhone Developer";
				COPY_PHASE_STRIP = NO;
				DEBUG_INFORMATION_FORMAT = "dwarf-with-dsym";
				ENABLE_NS_ASSERTIONS = NO;
				ENABLE_STRICT_OBJC_MSGSEND = YES;
				GCC_C_LANGUAGE_STANDARD = gnu99;
				GCC_NO_COMMON_BLOCKS = YES;
				GCC_WARN_64_TO_32_BIT_CONVERSION = YES;
				GCC_WARN_ABOUT_RETURN_TYPE = YES_ERROR;
				GCC_WARN_UNDECLARED_SELECTOR = YES;
				GCC_WARN_UNINITIALIZED_AUTOS = YES_AGGRESSIVE;
				GCC_WARN_UNUSED_FUNCTION = YES;
				GCC_WARN_UNUSED_VARIABLE = YES;
				IPHONEOS_DEPLOYMENT_TARGET = 10.2;
				MTL_ENABLE_DEBUG_INFO = NO;
				SDKROOT = iphoneos;
				SWIFT_OPTIMIZATION_LEVEL = "-Owholemodule";
				VALIDATE_PRODUCT = YES;
			};
			name = Release;
		};
		C248F8631F2E7D9C004095CA /* Debug */ = {
			isa = XCBuildConfiguration;
			buildSettings = {
				ASSETCATALOG_COMPILER_APPICON_NAME = AppIcon;
				DEVELOPMENT_TEAM = 9739Q3W5EN;
				INFOPLIST_FILE = "Ecommerce-MVP/Info.plist";
				LD_RUNPATH_SEARCH_PATHS = "$(inherited) @executable_path/Frameworks";
				PRODUCT_BUNDLE_IDENTIFIER = "br.com.LMS-DEV.Ecommerce-MVP";
				PRODUCT_NAME = "$(TARGET_NAME)";
				SWIFT_VERSION = 3.0;
			};
			name = Debug;
		};
		C248F8641F2E7D9C004095CA /* Release */ = {
			isa = XCBuildConfiguration;
			buildSettings = {
				ASSETCATALOG_COMPILER_APPICON_NAME = AppIcon;
				DEVELOPMENT_TEAM = 9739Q3W5EN;
				INFOPLIST_FILE = "Ecommerce-MVP/Info.plist";
				LD_RUNPATH_SEARCH_PATHS = "$(inherited) @executable_path/Frameworks";
				PRODUCT_BUNDLE_IDENTIFIER = "br.com.LMS-DEV.Ecommerce-MVP";
				PRODUCT_NAME = "$(TARGET_NAME)";
				SWIFT_VERSION = 3.0;
			};
			name = Release;
		};
/* End XCBuildConfiguration section */

/* Begin XCConfigurationList section */
		C248F84B1F2E7D9C004095CA /* Build configuration list for PBXProject "Ecommerce-MVP" */ = {
			isa = XCConfigurationList;
			buildConfigurations = (
				C248F8601F2E7D9C004095CA /* Debug */,
				C248F8611F2E7D9C004095CA /* Release */,
			);
			defaultConfigurationIsVisible = 0;
			defaultConfigurationName = Release;
		};
		C248F8621F2E7D9C004095CA /* Build configuration list for PBXNativeTarget "Ecommerce-MVP" */ = {
			isa = XCConfigurationList;
			buildConfigurations = (
				C248F8631F2E7D9C004095CA /* Debug */,
				C248F8641F2E7D9C004095CA /* Release */,
			);
			defaultConfigurationIsVisible = 0;
			defaultConfigurationName = Release;
		};
/* End XCConfigurationList section */
	};
	rootObject = C248F8481F2E7D9C004095CA /* Project object */;
}
